
Microsoft Visual Studio Solution File, Format Version 12.00
# Visual Studio Version 17
VisualStudioVersion = 17.0.32014.148
MinimumVisualStudioVersion = 10.0.40219.1
Project("{9A19103F-16F7-4668-BE54-9A1E7A4F7556}") = "StoreDL", "StoreDL\StoreDL.csproj", "{3961AD4A-4E86-48C7-BB21-4A42F0649ABF}"
EndProject
Project("{9A19103F-16F7-4668-BE54-9A1E7A4F7556}") = "StoreBL", "StoreBL\StoreBL.csproj", "{4E69FB14-21D1-4A50-A2E1-D9A2A0EC9C27}"
EndProject
Project("{9A19103F-16F7-4668-BE54-9A1E7A4F7556}") = "StoreModels", "StoreModels\StoreModels.csproj", "{B25DCC03-B00E-4FF7-ADE6-2BAACBB8DE6B}"
EndProject
Project("{9A19103F-16F7-4668-BE54-9A1E7A4F7556}") = "WebApplication1", "WebApplication1\WebApplication1.csproj", "{F64050B0-654E-46AF-B99A-0D384C222E20}"
EndProject
Project("{9A19103F-16F7-4668-BE54-9A1E7A4F7556}") = "Tests", "Tests\Tests.csproj", "{8D548D4E-1562-42AD-9FBD-89EACABFF06B}"
EndProject
Global
	GlobalSection(SolutionConfigurationPlatforms) = preSolution
		Debug|Any CPU = Debug|Any CPU
		Release|Any CPU = Release|Any CPU
	EndGlobalSection
	GlobalSection(ProjectConfigurationPlatforms) = postSolution
		{3961AD4A-4E86-48C7-BB21-4A42F0649ABF}.Debug|Any CPU.ActiveCfg = Debug|Any CPU
		{3961AD4A-4E86-48C7-BB21-4A42F0649ABF}.Debug|Any CPU.Build.0 = Debug|Any CPU
		{3961AD4A-4E86-48C7-BB21-4A42F0649ABF}.Release|Any CPU.ActiveCfg = Release|Any CPU
		{3961AD4A-4E86-48C7-BB21-4A42F0649ABF}.Release|Any CPU.Build.0 = Release|Any CPU
		{4E69FB14-21D1-4A50-A2E1-D9A2A0EC9C27}.Debug|Any CPU.ActiveCfg = Debug|Any CPU
		{4E69FB14-21D1-4A50-A2E1-D9A2A0EC9C27}.Debug|Any CPU.Build.0 = Debug|Any CPU
		{4E69FB14-21D1-4A50-A2E1-D9A2A0EC9C27}.Release|Any CPU.ActiveCfg = Release|Any CPU
		{4E69FB14-21D1-4A50-A2E1-D9A2A0EC9C27}.Release|Any CPU.Build.0 = Release|Any CPU
		{B25DCC03-B00E-4FF7-ADE6-2BAACBB8DE6B}.Debug|Any CPU.ActiveCfg = Debug|Any CPU
		{B25DCC03-B00E-4FF7-ADE6-2BAACBB8DE6B}.Debug|Any CPU.Build.0 = Debug|Any CPU
		{B25DCC03-B00E-4FF7-ADE6-2BAACBB8DE6B}.Release|Any CPU.ActiveCfg = Release|Any CPU
		{B25DCC03-B00E-4FF7-ADE6-2BAACBB8DE6B}.Release|Any CPU.Build.0 = Release|Any CPU
		{F64050B0-654E-46AF-B99A-0D384C222E20}.Debug|Any CPU.ActiveCfg = Debug|Any CPU
		{F64050B0-654E-46AF-B99A-0D384C222E20}.Debug|Any CPU.Build.0 = Debug|Any CPU
		{F64050B0-654E-46AF-B99A-0D384C222E20}.Release|Any CPU.ActiveCfg = Release|Any CPU
		{F64050B0-654E-46AF-B99A-0D384C222E20}.Release|Any CPU.Build.0 = Release|Any CPU
		{8D548D4E-1562-42AD-9FBD-89EACABFF06B}.Debug|Any CPU.ActiveCfg = Debug|Any CPU
		{8D548D4E-1562-42AD-9FBD-89EACABFF06B}.Debug|Any CPU.Build.0 = Debug|Any CPU
		{8D548D4E-1562-42AD-9FBD-89EACABFF06B}.Release|Any CPU.ActiveCfg = Release|Any CPU
		{8D548D4E-1562-42AD-9FBD-89EACABFF06B}.Release|Any CPU.Build.0 = Release|Any CPU
	EndGlobalSection
	GlobalSection(SolutionProperties) = preSolution
		HideSolutionNode = FALSE
	EndGlobalSection
	GlobalSection(ExtensibilityGlobals) = postSolution
		SolutionGuid = {75605F48-882B-4CA3-8146-D1DE14E95112}
	EndGlobalSection
EndGlobal
